github.com/Github-Reneon/dicetools v0.0.0-20231212171714-0aac4dfc57f1 h1:AkWxoXuI9r4/l4qvt4wW9wgxwBsnDc5zgSK68QwA6ps=
github.com/Github-Reneon/dicetools v0.0.0-20231212171714-0aac4dfc57f1/go.mod h1:kdGF2a4TWlFLZgLIhlvCUuqvTuKb+zcwY33tZr67bRk=
github.com/Github-Reneon/dicetools v0.0.0-20231212221041-5a61a9e99347 h1:2fM44YTY9XK5FppFrX+Ot2lsPyrXwmuJhq9NFxkt+2s=
github.com/Github-Reneon/dicetools v0.0.0-20231212221041-5a61a9e99347/go.mod h1:kdGF2a4TWlFLZgLIhlvCUuqvTuKb+zcwY33tZr67bRk=
